
Microsoft Visual Studio Solution File, Format Version 12.00
# Visual Studio 2015
Project("{FAE04EC0-301F-11D3-BF4B-00C04F79EFBC}") = "HELIOS.Plugins", "HELIOS.Plugins.csproj", "{A350F0E8-B4B1-8914-7548-2C9E49DCE748}"
EndProject
Project("{FAE04EC0-301F-11D3-BF4B-00C04F79EFBC}") = "HELIOS", "HELIOS.csproj", "{53D1B12C-8CC5-2F5C-22D4-AAB29A00D783}"
EndProject
Project("{FAE04EC0-301F-11D3-BF4B-00C04F79EFBC}") = "HELIOS.Editor.Plugins", "HELIOS.Editor.Plugins.csproj", "{8410DFBB-B5CE-A36A-E528-28FE6FF92EFB}"
EndProject
Global
	GlobalSection(SolutionConfigurationPlatforms) = preSolution
		Debug|Any CPU = Debug|Any CPU
		Release|Any CPU = Release|Any CPU
	EndGlobalSection
	GlobalSection(ProjectConfigurationPlatforms) = postSolution
		{A350F0E8-B4B1-8914-7548-2C9E49DCE748}.Debug|Any CPU.ActiveCfg = Debug|Any CPU
		{A350F0E8-B4B1-8914-7548-2C9E49DCE748}.Debug|Any CPU.Build.0 = Debug|Any CPU
		{A350F0E8-B4B1-8914-7548-2C9E49DCE748}.Release|Any CPU.ActiveCfg = Release|Any CPU
		{A350F0E8-B4B1-8914-7548-2C9E49DCE748}.Release|Any CPU.Build.0 = Release|Any CPU
		{53D1B12C-8CC5-2F5C-22D4-AAB29A00D783}.Debug|Any CPU.ActiveCfg = Debug|Any CPU
		{53D1B12C-8CC5-2F5C-22D4-AAB29A00D783}.Debug|Any CPU.Build.0 = Debug|Any CPU
		{53D1B12C-8CC5-2F5C-22D4-AAB29A00D783}.Release|Any CPU.ActiveCfg = Release|Any CPU
		{53D1B12C-8CC5-2F5C-22D4-AAB29A00D783}.Release|Any CPU.Build.0 = Release|Any CPU
		{8410DFBB-B5CE-A36A-E528-28FE6FF92EFB}.Debug|Any CPU.ActiveCfg = Debug|Any CPU
		{8410DFBB-B5CE-A36A-E528-28FE6FF92EFB}.Debug|Any CPU.Build.0 = Debug|Any CPU
		{8410DFBB-B5CE-A36A-E528-28FE6FF92EFB}.Release|Any CPU.ActiveCfg = Release|Any CPU
		{8410DFBB-B5CE-A36A-E528-28FE6FF92EFB}.Release|Any CPU.Build.0 = Release|Any CPU
	EndGlobalSection
	GlobalSection(SolutionProperties) = preSolution
		HideSolutionNode = FALSE
	EndGlobalSection
EndGlobal
